// !$*UTF8*$!
{
	archiveVersion = 1;
	classes = {
	};
	objectVersion = 55;
	objects = {

/* Begin PBXBuildFile section */
		3C84FCCE28A6D93A00763CCA /* CalendarDatesApp.swift in Sources */ = {isa = PBXBuildFile; fileRef = 3C84FCCD28A6D93A00763CCA /* CalendarDatesApp.swift */; };
		3C84FCD028A6D93A00763CCA /* ContentView.swift in Sources */ = {isa = PBXBuildFile; fileRef = 3C84FCCF28A6D93A00763CCA /* ContentView.swift */; };
		3C84FCD228A6D93D00763CCA /* Assets.xcassets in Resources */ = {isa = PBXBuildFile; fileRef = 3C84FCD128A6D93D00763CCA /* Assets.xcassets */; };
		3C84FCD528A6D93D00763CCA /* Preview Assets.xcassets in Resources */ = {isa = PBXBuildFile; fileRef = 3C84FCD428A6D93D00763CCA /* Preview Assets.xcassets */; };
		3C84FCDF28A6DB9F00763CCA /* CustomCalendar.swift in Sources */ = {isa = PBXBuildFile; fileRef = 3C84FCDE28A6DB9F00763CCA /* CustomCalendar.swift */; };
		3C84FCE228AAA7D700763CCA /* iPhoneNumberField in Frameworks */ = {isa = PBXBuildFile; productRef = 3C84FCE128AAA7D700763CCA /* iPhoneNumberField */; };
		3C84FCE428AAADBC00763CCA /* BottomSheet.swift in Sources */ = {isa = PBXBuildFile; fileRef = 3C84FCE328AAADBC00763CCA /* BottomSheet.swift */; };
		3C84FCE628AAAE3D00763CCA /* CustomCalendarView.swift in Sources */ = {isa = PBXBuildFile; fileRef = 3C84FCE528AAAE3D00763CCA /* CustomCalendarView.swift */; };
		3C84FCE828AAB88000763CCA /* PopOverView.swift in Sources */ = {isa = PBXBuildFile; fileRef = 3C84FCE728AAB88000763CCA /* PopOverView.swift */; };
		C96F3EC8F0C9603CFDB83B6F /* Pods_CalendarDates.framework in Frameworks */ = {isa = PBXBuildFile; fileRef = FF3A2B96E43A1D866779EC43 /* Pods_CalendarDates.framework */; };
/* End PBXBuildFile section */

/* Begin PBXFileReference section */
		3C84FCCA28A6D93A00763CCA /* CalendarDates.app */ = {isa = PBXFileReference; explicitFileType = wrapper.application; includeInIndex = 0; path = CalendarDates.app; sourceTree = BUILT_PRODUCTS_DIR; };
		3C84FCCD28A6D93A00763CCA /* CalendarDatesApp.swift */ = {isa = PBXFileReference; lastKnownFileType = sourcecode.swift; path = CalendarDatesApp.swift; sourceTree = "<group>"; };
		3C84FCCF28A6D93A00763CCA /* ContentView.swift */ = {isa = PBXFileReference; lastKnownFileType = sourcecode.swift; path = ContentView.swift; sourceTree = "<group>"; };
		3C84FCD128A6D93D00763CCA /* Assets.xcassets */ = {isa = PBXFileReference; lastKnownFileType = folder.assetcatalog; path = Assets.xcassets; sourceTree = "<group>"; };
		3C84FCD428A6D93D00763CCA /* Preview Assets.xcassets */ = {isa = PBXFileReference; lastKnownFileType = folder.assetcatalog; path = "Preview Assets.xcassets"; sourceTree = "<group>"; };
		3C84FCDE28A6DB9F00763CCA /* CustomCalendar.swift */ = {isa = PBXFileReference; lastKnownFileType = sourcecode.swift; path = CustomCalendar.swift; sourceTree = "<group>"; };
		3C84FCE328AAADBC00763CCA /* BottomSheet.swift */ = {isa = PBXFileReference; lastKnownFileType = sourcecode.swift; path = BottomSheet.swift; sourceTree = "<group>"; };
		3C84FCE528AAAE3D00763CCA /* CustomCalendarView.swift */ = {isa = PBXFileReference; lastKnownFileType = sourcecode.swift; path = CustomCalendarView.swift; sourceTree = "<group>"; };
		3C84FCE728AAB88000763CCA /* PopOverView.swift */ = {isa = PBXFileReference; lastKnownFileType = sourcecode.swift; path = PopOverView.swift; sourceTree = "<group>"; };
		86CA6E3DB66BD0B9E9503D80 /* Pods-CalendarDates.debug.xcconfig */ = {isa = PBXFileReference; includeInIndex = 1; lastKnownFileType = text.xcconfig; name = "Pods-CalendarDates.debug.xcconfig"; path = "Target Support Files/Pods-CalendarDates/Pods-CalendarDates.debug.xcconfig"; sourceTree = "<group>"; };
		942A58D49878CBDC034B533B /* Pods-CalendarDates.release.xcconfig */ = {isa = PBXFileReference; includeInIndex = 1; lastKnownFileType = text.xcconfig; name = "Pods-CalendarDates.release.xcconfig"; path = "Target Support Files/Pods-CalendarDates/Pods-CalendarDates.release.xcconfig"; sourceTree = "<group>"; };
		FF3A2B96E43A1D866779EC43 /* Pods_CalendarDates.framework */ = {isa = PBXFileReference; explicitFileType = wrapper.framework; includeInIndex = 0; path = Pods_CalendarDates.framework; sourceTree = BUILT_PRODUCTS_DIR; };
/* End PBXFileReference section */

/* Begin PBXFrameworksBuildPhase section */
		3C84FCC728A6D93A00763CCA /* Frameworks */ = {
			isa = PBXFrameworksBuildPhase;
			buildActionMask = 2147483647;
			files = (
				C96F3EC8F0C9603CFDB83B6F /* Pods_CalendarDates.framework in Frameworks */,
				3C84FCE228AAA7D700763CCA /* iPhoneNumberField in Frameworks */,
			);
			runOnlyForDeploymentPostprocessing = 0;
		};
/* End PBXFrameworksBuildPhase section */

/* Begin PBXGroup section */
		28650110501F469DDA7B5E42 /* Frameworks */ = {
			isa = PBXGroup;
			children = (
				FF3A2B96E43A1D866779EC43 /* Pods_CalendarDates.framework */,
			);
			name = Frameworks;
			sourceTree = "<group>";
		};
		3C84FCC128A6D93A00763CCA = {
			isa = PBXGroup;
			children = (
				3C84FCE728AAB88000763CCA /* PopOverView.swift */,
				3C84FCCC28A6D93A00763CCA /* CalendarDates */,
				3C84FCCB28A6D93A00763CCA /* Products */,
				5012DB5CAA8EAF43895192F6 /* Pods */,
				28650110501F469DDA7B5E42 /* Frameworks */,
			);
			sourceTree = "<group>";
		};
		3C84FCCB28A6D93A00763CCA /* Products */ = {
			isa = PBXGroup;
			children = (
				3C84FCCA28A6D93A00763CCA /* CalendarDates.app */,
			);
			name = Products;
			sourceTree = "<group>";
		};
		3C84FCCC28A6D93A00763CCA /* CalendarDates */ = {
			isa = PBXGroup;
			children = (
				3C84FCCD28A6D93A00763CCA /* CalendarDatesApp.swift */,
				3C84FCCF28A6D93A00763CCA /* ContentView.swift */,
				3C84FCD128A6D93D00763CCA /* Assets.xcassets */,
				3C84FCD328A6D93D00763CCA /* Preview Content */,
				3C84FCDE28A6DB9F00763CCA /* CustomCalendar.swift */,
				3C84FCE328AAADBC00763CCA /* BottomSheet.swift */,
				3C84FCE528AAAE3D00763CCA /* CustomCalendarView.swift */,
			);
			path = CalendarDates;
			sourceTree = "<group>";
		};
		3C84FCD328A6D93D00763CCA /* Preview Content */ = {
			isa = PBXGroup;
			children = (
				3C84FCD428A6D93D00763CCA /* Preview Assets.xcassets */,
			);
			path = "Preview Content";
			sourceTree = "<group>";
		};
		5012DB5CAA8EAF43895192F6 /* Pods */ = {
			isa = PBXGroup;
			children = (
				86CA6E3DB66BD0B9E9503D80 /* Pods-CalendarDates.debug.xcconfig */,
				942A58D49878CBDC034B533B /* Pods-CalendarDates.release.xcconfig */,
			);
			path = Pods;
			sourceTree = "<group>";
		};
/* End PBXGroup section */

/* Begin PBXNativeTarget section */
		3C84FCC928A6D93A00763CCA /* CalendarDates */ = {
			isa = PBXNativeTarget;
			buildConfigurationList = 3C84FCD828A6D93D00763CCA /* Build configuration list for PBXNativeTarget "CalendarDates" */;
			buildPhases = (
				429FDD6A884D85D98208B647 /* [CP] Check Pods Manifest.lock */,
				3C84FCC628A6D93A00763CCA /* Sources */,
				3C84FCC728A6D93A00763CCA /* Frameworks */,
				3C84FCC828A6D93A00763CCA /* Resources */,
				9EEE8EBB713331DABE8D455D /* [CP] Embed Pods Frameworks */,
			);
			buildRules = (
			);
			dependencies = (
			);
			name = CalendarDates;
			packageProductDependencies = (
				3C84FCE128AAA7D700763CCA /* iPhoneNumberField */,
			);
			productName = CalendarDates;
			productReference = 3C84FCCA28A6D93A00763CCA /* CalendarDates.app */;
			productType = "com.apple.product-type.application";
		};
/* End PBXNativeTarget section */

/* Begin PBXProject section */
		3C84FCC228A6D93A00763CCA /* Project object */ = {
			isa = PBXProject;
			attributes = {
				BuildIndependentTargetsInParallel = 1;
				LastSwiftUpdateCheck = 1320;
				LastUpgradeCheck = 1320;
				TargetAttributes = {
					3C84FCC928A6D93A00763CCA = {
						CreatedOnToolsVersion = 13.2.1;
					};
				};
			};
			buildConfigurationList = 3C84FCC528A6D93A00763CCA /* Build configuration list for PBXProject "CalendarDates" */;
			compatibilityVersion = "Xcode 13.0";
			developmentRegion = en;
			hasScannedForEncodings = 0;
			knownRegions = (
				en,
				Base,
			);
			mainGroup = 3C84FCC128A6D93A00763CCA;
			packageReferences = (
				3C84FCE028AAA7D700763CCA /* XCRemoteSwiftPackageReference "iPhoneNumberField" */,
			);
			productRefGroup = 3C84FCCB28A6D93A00763CCA /* Products */;
			projectDirPath = "";
			projectRoot = "";
			targets = (
				3C84FCC928A6D93A00763CCA /* CalendarDates */,
			);
		};
/* End PBXProject section */

/* Begin PBXResourcesBuildPhase section */
		3C84FCC828A6D93A00763CCA /* Resources */ = {
			isa = PBXResourcesBuildPhase;
			buildActionMask = 2147483647;
			files = (
				3C84FCD528A6D93D00763CCA /* Preview Assets.xcassets in Resources */,
				3C84FCD228A6D93D00763CCA /* Assets.xcassets in Resources */,
			);
			runOnlyForDeploymentPostprocessing = 0;
		};
/* End PBXResourcesBuildPhase section */

/* Begin PBXShellScriptBuildPhase section */
		429FDD6A884D85D98208B647 /* [CP] Check Pods Manifest.lock */ = {
			isa = PBXShellScriptBuildPhase;
			buildActionMask = 2147483647;
			files = (
			);
			inputFileListPaths = (
			);
			inputPaths = (
				"${PODS_PODFILE_DIR_PATH}/Podfile.lock",
				"${PODS_ROOT}/Manifest.lock",
			);
			name = "[CP] Check Pods Manifest.lock";
			outputFileListPaths = (
			);
			outputPaths = (
				"$(DERIVED_FILE_DIR)/Pods-CalendarDates-checkManifestLockResult.txt",
			);
			runOnlyForDeploymentPostprocessing = 0;
			shellPath = /bin/sh;
			shellScript = "diff \"${PODS_PODFILE_DIR_PATH}/Podfile.lock\" \"${PODS_ROOT}/Manifest.lock\" > /dev/null\nif [ $? != 0 ] ; then\n    # print error to STDERR\n    echo \"error: The sandbox is not in sync with the Podfile.lock. Run 'pod install' or update your CocoaPods installation.\" >&2\n    exit 1\nfi\n# This output is used by Xcode 'outputs' to avoid re-running this script phase.\necho \"SUCCESS\" > \"${SCRIPT_OUTPUT_FILE_0}\"\n";
			showEnvVarsInLog = 0;
		};
		9EEE8EBB713331DABE8D455D /* [CP] Embed Pods Frameworks */ = {
			isa = PBXShellScriptBuildPhase;
			buildActionMask = 2147483647;
			files = (
			);
			inputFileListPaths = (
				"${PODS_ROOT}/Target Support Files/Pods-CalendarDates/Pods-CalendarDates-frameworks-${CONFIGURATION}-input-files.xcfilelist",
			);
			name = "[CP] Embed Pods Frameworks";
			outputFileListPaths = (
				"${PODS_ROOT}/Target Support Files/Pods-CalendarDates/Pods-CalendarDates-frameworks-${CONFIGURATION}-output-files.xcfilelist",
			);
			runOnlyForDeploymentPostprocessing = 0;
			shellPath = /bin/sh;
			shellScript = "\"${PODS_ROOT}/Target Support Files/Pods-CalendarDates/Pods-CalendarDates-frameworks.sh\"\n";
			showEnvVarsInLog = 0;
		};
/* End PBXShellScriptBuildPhase section */

/* Begin PBXSourcesBuildPhase section */
		3C84FCC628A6D93A00763CCA /* Sources */ = {
			isa = PBXSourcesBuildPhase;
			buildActionMask = 2147483647;
			files = (
				3C84FCD028A6D93A00763CCA /* ContentView.swift in Sources */,
				3C84FCCE28A6D93A00763CCA /* CalendarDatesApp.swift in Sources */,
				3C84FCE828AAB88000763CCA /* PopOverView.swift in Sources */,
				3C84FCE428AAADBC00763CCA /* BottomSheet.swift in Sources */,
				3C84FCDF28A6DB9F00763CCA /* CustomCalendar.swift in Sources */,
				3C84FCE628AAAE3D00763CCA /* CustomCalendarView.swift in Sources */,
			);
			runOnlyForDeploymentPostprocessing = 0;
		};
/* End PBXSourcesBuildPhase section */

/* Begin XCBuildConfiguration section */
		3C84FCD628A6D93D00763CCA /* Debug */ = {
			isa = XCBuildConfiguration;
			buildSettings = {
				ALWAYS_SEARCH_USER_PATHS = NO;
				CLANG_ANALYZER_NONNULL = YES;
				CLANG_ANALYZER_NUMBER_OBJECT_CONVERSION = YES_AGGRESSIVE;
				CLANG_CXX_LANGUAGE_STANDARD = "gnu++17";
				CLANG_CXX_LIBRARY = "libc++";
				CLANG_ENABLE_MODULES = YES;
				CLANG_ENABLE_OBJC_ARC = YES;
				CLANG_ENABLE_OBJC_WEAK = YES;
				CLANG_WARN_BLOCK_CAPTURE_AUTORELEASING = YES;
				CLANG_WARN_BOOL_CONVERSION = YES;
				CLANG_WARN_COMMA = YES;
				CLANG_WARN_CONSTANT_CONVERSION = YES;
				CLANG_WARN_DEPRECATED_OBJC_IMPLEMENTATIONS = YES;
				CLANG_WARN_DIRECT_OBJC_ISA_USAGE = YES_ERROR;
				CLANG_WARN_DOCUMENTATION_COMMENTS = YES;
				CLANG_WARN_EMPTY_BODY = YES;
				CLANG_WARN_ENUM_CONVERSION = YES;
				CLANG_WARN_INFINITE_RECURSION = YES;
				CLANG_WARN_INT_CONVERSION = YES;
				CLANG_WARN_NON_LITERAL_NULL_CONVERSION = YES;
				CLANG_WARN_OBJC_IMPLICIT_RETAIN_SELF = YES;
				CLANG_WARN_OBJC_LITERAL_CONVERSION = YES;
				CLANG_WARN_OBJC_ROOT_CLASS = YES_ERROR;
				CLANG_WARN_QUOTED_INCLUDE_IN_FRAMEWORK_HEADER = YES;
				CLANG_WARN_RANGE_LOOP_ANALYSIS = YES;
				CLANG_WARN_STRICT_PROTOTYPES = YES;
				CLANG_WARN_SUSPICIOUS_MOVE = YES;
				CLANG_WARN_UNGUARDED_AVAILABILITY = YES_AGGRESSIVE;
				CLANG_WARN_UNREACHABLE_CODE = YES;
				CLANG_WARN__DUPLICATE_METHOD_MATCH = YES;
				COPY_PHASE_STRIP = NO;
				DEBUG_INFORMATION_FORMAT = dwarf;
				ENABLE_STRICT_OBJC_MSGSEND = YES;
				ENABLE_TESTABILITY = YES;
				GCC_C_LANGUAGE_STANDARD = gnu11;
				GCC_DYNAMIC_NO_PIC = NO;
				GCC_NO_COMMON_BLOCKS = YES;
				GCC_OPTIMIZATION_LEVEL = 0;
				GCC_PREPROCESSOR_DEFINITIONS = (
					"DEBUG=1",
					"$(inherited)",
				);
				GCC_WARN_64_TO_32_BIT_CONVERSION = YES;
				GCC_WARN_ABOUT_RETURN_TYPE = YES_ERROR;
				GCC_WARN_UNDECLARED_SELECTOR = YES;
				GCC_WARN_UNINITIALIZED_AUTOS = YES_AGGRESSIVE;
				GCC_WARN_UNUSED_FUNCTION = YES;
				GCC_WARN_UNUSED_VARIABLE = YES;
				IPHONEOS_DEPLOYMENT_TARGET = 15.2;
				MTL_ENABLE_DEBUG_INFO = INCLUDE_SOURCE;
				MTL_FAST_MATH = YES;
				ONLY_ACTIVE_ARCH = YES;
				SDKROOT = iphoneos;
				SWIFT_ACTIVE_COMPILATION_CONDITIONS = DEBUG;
				SWIFT_OPTIMIZATION_LEVEL = "-Onone";
			};
			name = Debug;
		};
		3C84FCD728A6D93D00763CCA /* Release */ = {
			isa = XCBuildConfiguration;
			buildSettings = {
				ALWAYS_SEARCH_USER_PATHS = NO;
				CLANG_ANALYZER_NONNULL = YES;
				CLANG_ANALYZER_NUMBER_OBJECT_CONVERSION = YES_AGGRESSIVE;
				CLANG_CXX_LANGUAGE_STANDARD = "gnu++17";
				CLANG_CXX_LIBRARY = "libc++";
				CLANG_ENABLE_MODULES = YES;
				CLANG_ENABLE_OBJC_ARC = YES;
				CLANG_ENABLE_OBJC_WEAK = YES;
				CLANG_WARN_BLOCK_CAPTURE_AUTORELEASING = YES;
				CLANG_WARN_BOOL_CONVERSION = YES;
				CLANG_WARN_COMMA = YES;
				CLANG_WARN_CONSTANT_CONVERSION = YES;
				CLANG_WARN_DEPRECATED_OBJC_IMPLEMENTATIONS = YES;
				CLANG_WARN_DIRECT_OBJC_ISA_USAGE = YES_ERROR;
				CLANG_WARN_DOCUMENTATION_COMMENTS = YES;
				CLANG_WARN_EMPTY_BODY = YES;
				CLANG_WARN_ENUM_CONVERSION = YES;
				CLANG_WARN_INFINITE_RECURSION = YES;
				CLANG_WARN_INT_CONVERSION = YES;
				CLANG_WARN_NON_LITERAL_NULL_CONVERSION = YES;
				CLANG_WARN_OBJC_IMPLICIT_RETAIN_SELF = YES;
				CLANG_WARN_OBJC_LITERAL_CONVERSION = YES;
				CLANG_WARN_OBJC_ROOT_CLASS = YES_ERROR;
				CLANG_WARN_QUOTED_INCLUDE_IN_FRAMEWORK_HEADER = YES;
				CLANG_WARN_RANGE_LOOP_ANALYSIS = YES;
				CLANG_WARN_STRICT_PROTOTYPES = YES;
				CLANG_WARN_SUSPICIOUS_MOVE = YES;
				CLANG_WARN_UNGUARDED_AVAILABILITY = YES_AGGRESSIVE;
				CLANG_WARN_UNREACHABLE_CODE = YES;
				CLANG_WARN__DUPLICATE_METHOD_MATCH = YES;
				COPY_PHASE_STRIP = NO;
				DEBUG_INFORMATION_FORMAT = "dwarf-with-dsym";
				ENABLE_NS_ASSERTIONS = NO;
				ENABLE_STRICT_OBJC_MSGSEND = YES;
				GCC_C_LANGUAGE_STANDARD = gnu11;
				GCC_NO_COMMON_BLOCKS = YES;
				GCC_WARN_64_TO_32_BIT_CONVERSION = YES;
				GCC_WARN_ABOUT_RETURN_TYPE = YES_ERROR;
				GCC_WARN_UNDECLARED_SELECTOR = YES;
				GCC_WARN_UNINITIALIZED_AUTOS = YES_AGGRESSIVE;
				GCC_WARN_UNUSED_FUNCTION = YES;
				GCC_WARN_UNUSED_VARIABLE = YES;
				IPHONEOS_DEPLOYMENT_TARGET = 15.2;
				MTL_ENABLE_DEBUG_INFO = NO;
				MTL_FAST_MATH = YES;
				SDKROOT = iphoneos;
				SWIFT_COMPILATION_MODE = wholemodule;
				SWIFT_OPTIMIZATION_LEVEL = "-O";
				VALIDATE_PRODUCT = YES;
			};
			name = Release;
		};
		3C84FCD928A6D93D00763CCA /* Debug */ = {
			isa = XCBuildConfiguration;
			baseConfigurationReference = 86CA6E3DB66BD0B9E9503D80 /* Pods-CalendarDates.debug.xcconfig */;
			buildSettings = {
				ASSETCATALOG_COMPILER_APPICON_NAME = AppIcon;
				ASSETCATALOG_COMPILER_GLOBAL_ACCENT_COLOR_NAME = AccentColor;
				CODE_SIGN_STYLE = Automatic;
				CURRENT_PROJECT_VERSION = 1;
				DEVELOPMENT_ASSET_PATHS = "\"CalendarDates/Preview Content\"";
				DEVELOPMENT_TEAM = UUUTB6SGAH;
				ENABLE_PREVIEWS = YES;
				GENERATE_INFOPLIST_FILE = YES;
				INFOPLIST_KEY_UIApplicationSceneManifest_Generation = YES;
				INFOPLIST_KEY_UIApplicationSupportsIndirectInputEvents = YES;
				INFOPLIST_KEY_UILaunchScreen_Generation = YES;
				INFOPLIST_KEY_UISupportedInterfaceOrientations_iPad = "UIInterfaceOrientationPortrait UIInterfaceOrientationPortraitUpsideDown UIInterfaceOrientationLandscapeLeft UIInterfaceOrientationLandscapeRight";
				INFOPLIST_KEY_UISupportedInterfaceOrientations_iPhone = "UIInterfaceOrientationPortrait UIInterfaceOrientationLandscapeLeft UIInterfaceOrientationLandscapeRight";
				LD_RUNPATH_SEARCH_PATHS = (
					"$(inherited)",
					"@executable_path/Frameworks",
				);
				MARKETING_VERSION = 1.0;
				PRODUCT_BUNDLE_IDENTIFIER = com.savendevelopersoffice.CalendarDates;
				PRODUCT_NAME = "$(TARGET_NAME)";
				SWIFT_EMIT_LOC_STRINGS = YES;
				SWIFT_VERSION = 5.0;
				TARGETED_DEVICE_FAMILY = "1,2";
			};
			name = Debug;
		};
		3C84FCDA28A6D93D00763CCA /* Release */ = {
			isa = XCBuildConfiguration;
			baseConfigurationReference = 942A58D49878CBDC034B533B /* Pods-CalendarDates.release.xcconfig */;
			buildSettings = {
				ASSETCATALOG_COMPILER_APPICON_NAME = AppIcon;
				ASSETCATALOG_COMPILER_GLOBAL_ACCENT_COLOR_NAME = AccentColor;
				CODE_SIGN_STYLE = Automatic;
				CURRENT_PROJECT_VERSION = 1;
				DEVELOPMENT_ASSET_PATHS = "\"CalendarDates/Preview Content\"";
				DEVELOPMENT_TEAM = UUUTB6SGAH;
				ENABLE_PREVIEWS = YES;
				GENERATE_INFOPLIST_FILE = YES;
				INFOPLIST_KEY_UIApplicationSceneManifest_Generation = YES;
				INFOPLIST_KEY_UIApplicationSupportsIndirectInputEvents = YES;
				INFOPLIST_KEY_UILaunchScreen_Generation = YES;
				INFOPLIST_KEY_UISupportedInterfaceOrientations_iPad = "UIInterfaceOrientationPortrait UIInterfaceOrientationPortraitUpsideDown UIInterfaceOrientationLandscapeLeft UIInterfaceOrientationLandscapeRight";
				INFOPLIST_KEY_UISupportedInterfaceOrientations_iPhone = "UIInterfaceOrientationPortrait UIInterfaceOrientationLandscapeLeft UIInterfaceOrientationLandscapeRight";
				LD_RUNPATH_SEARCH_PATHS = (
					"$(inherited)",
					"@executable_path/Frameworks",
				);
				MARKETING_VERSION = 1.0;
				PRODUCT_BUNDLE_IDENTIFIER = com.savendevelopersoffice.CalendarDates;
				PRODUCT_NAME = "$(TARGET_NAME)";
				SWIFT_EMIT_LOC_STRINGS = YES;
				SWIFT_VERSION = 5.0;
				TARGETED_DEVICE_FAMILY = "1,2";
			};
			name = Release;
		};
/* End XCBuildConfiguration section */

/* Begin XCConfigurationList section */
		3C84FCC528A6D93A00763CCA /* Build configuration list for PBXProject "CalendarDates" */ = {
			isa = XCConfigurationList;
			buildConfigurations = (
				3C84FCD628A6D93D00763CCA /* Debug */,
				3C84FCD728A6D93D00763CCA /* Release */,
			);
			defaultConfigurationIsVisible = 0;
			defaultConfigurationName = Release;
		};
		3C84FCD828A6D93D00763CCA /* Build configuration list for PBXNativeTarget "CalendarDates" */ = {
			isa = XCConfigurationList;
			buildConfigurations = (
				3C84FCD928A6D93D00763CCA /* Debug */,
				3C84FCDA28A6D93D00763CCA /* Release */,
			);
			defaultConfigurationIsVisible = 0;
			defaultConfigurationName = Release;
		};
/* End XCConfigurationList section */

/* Begin XCRemoteSwiftPackageReference section */
		3C84FCE028AAA7D700763CCA /* XCRemoteSwiftPackageReference "iPhoneNumberField" */ = {
			isa = XCRemoteSwiftPackageReference;
			repositoryURL = "https://github.com/MojtabaHs/iPhoneNumberField";
			requirement = {
				branch = main;
				kind = branch;
			};
		};
/* End XCRemoteSwiftPackageReference section */

/* Begin XCSwiftPackageProductDependency section */
		3C84FCE128AAA7D700763CCA /* iPhoneNumberField */ = {
			isa = XCSwiftPackageProductDependency;
			package = 3C84FCE028AAA7D700763CCA /* XCRemoteSwiftPackageReference "iPhoneNumberField" */;
			productName = iPhoneNumberField;
		};
/* End XCSwiftPackageProductDependency section */
	};
	rootObject = 3C84FCC228A6D93A00763CCA /* Project object */;
}
